
Microsoft Visual Studio Solution File, Format Version 12.00
# Visual Studio Version 17
VisualStudioVersion = 17.5.33424.131
MinimumVisualStudioVersion = 10.0.40219.1
Project("{9A19103F-16F7-4668-BE54-9A1E7A4F7556}") = "NT106_Lab06", "NT106_Lab06\NT106_Lab06.csproj", "{B0FEAD53-1225-4130-BABA-04478215A62A}"
EndProject
Project("{9A19103F-16F7-4668-BE54-9A1E7A4F7556}") = "Server", "Server\Server.csproj", "{D71030B8-64F4-496E-A5A3-32339655C6A2}"
EndProject
Global
	GlobalSection(SolutionConfigurationPlatforms) = preSolution
		Debug|Any CPU = Debug|Any CPU
		Release|Any CPU = Release|Any CPU
	EndGlobalSection
	GlobalSection(ProjectConfigurationPlatforms) = postSolution
		{B0FEAD53-1225-4130-BABA-04478215A62A}.Debug|Any CPU.ActiveCfg = Debug|Any CPU
		{B0FEAD53-1225-4130-BABA-04478215A62A}.Debug|Any CPU.Build.0 = Debug|Any CPU
		{B0FEAD53-1225-4130-BABA-04478215A62A}.Release|Any CPU.ActiveCfg = Release|Any CPU
		{B0FEAD53-1225-4130-BABA-04478215A62A}.Release|Any CPU.Build.0 = Release|Any CPU
		{D71030B8-64F4-496E-A5A3-32339655C6A2}.Debug|Any CPU.ActiveCfg = Debug|Any CPU
		{D71030B8-64F4-496E-A5A3-32339655C6A2}.Debug|Any CPU.Build.0 = Debug|Any CPU
		{D71030B8-64F4-496E-A5A3-32339655C6A2}.Release|Any CPU.ActiveCfg = Release|Any CPU
		{D71030B8-64F4-496E-A5A3-32339655C6A2}.Release|Any CPU.Build.0 = Release|Any CPU
	EndGlobalSection
	GlobalSection(SolutionProperties) = preSolution
		HideSolutionNode = FALSE
	EndGlobalSection
	GlobalSection(ExtensibilityGlobals) = postSolution
		SolutionGuid = {9C4DE7BB-9292-4C85-BAA0-573BB26F4792}
	EndGlobalSection
EndGlobal
