
Microsoft Visual Studio Solution File, Format Version 12.00
# Visual Studio Version 17
VisualStudioVersion = 17.5.33414.496
MinimumVisualStudioVersion = 10.0.40219.1
Project("{FAE04EC0-301F-11D3-BF4B-00C04F79EFBC}") = "LANTicTacToe", "LANTicTacToe\LANTicTacToe.csproj", "{09620FB5-A7B6-4A44-8B4B-69C09A458BC9}"
EndProject
Global
	GlobalSection(SolutionConfigurationPlatforms) = preSolution
		Debug|Any CPU = Debug|Any CPU
		Release|Any CPU = Release|Any CPU
	EndGlobalSection
	GlobalSection(ProjectConfigurationPlatforms) = postSolution
		{09620FB5-A7B6-4A44-8B4B-69C09A458BC9}.Debug|Any CPU.ActiveCfg = Debug|Any CPU
		{09620FB5-A7B6-4A44-8B4B-69C09A458BC9}.Debug|Any CPU.Build.0 = Debug|Any CPU
		{09620FB5-A7B6-4A44-8B4B-69C09A458BC9}.Release|Any CPU.ActiveCfg = Release|Any CPU
		{09620FB5-A7B6-4A44-8B4B-69C09A458BC9}.Release|Any CPU.Build.0 = Release|Any CPU
	EndGlobalSection
	GlobalSection(SolutionProperties) = preSolution
		HideSolutionNode = FALSE
	EndGlobalSection
	GlobalSection(ExtensibilityGlobals) = postSolution
		SolutionGuid = {5E9655A7-E2CD-4839-A757-75B8811823A9}
	EndGlobalSection
EndGlobal
