
Microsoft Visual Studio Solution File, Format Version 12.00
# Visual Studio Version 17
VisualStudioVersion = 17.2.32505.173
MinimumVisualStudioVersion = 10.0.40219.1
Project("{FAE04EC0-301F-11D3-BF4B-00C04F79EFBC}") = "NT106_Lab5", "NT106_Lab5\NT106_Lab5.csproj", "{3D8A38D0-734B-49C4-800C-637CADE26E67}"
EndProject
Global
	GlobalSection(SolutionConfigurationPlatforms) = preSolution
		Debug|Any CPU = Debug|Any CPU
		Release|Any CPU = Release|Any CPU
	EndGlobalSection
	GlobalSection(ProjectConfigurationPlatforms) = postSolution
		{3D8A38D0-734B-49C4-800C-637CADE26E67}.Debug|Any CPU.ActiveCfg = Debug|Any CPU
		{3D8A38D0-734B-49C4-800C-637CADE26E67}.Debug|Any CPU.Build.0 = Debug|Any CPU
		{3D8A38D0-734B-49C4-800C-637CADE26E67}.Release|Any CPU.ActiveCfg = Release|Any CPU
		{3D8A38D0-734B-49C4-800C-637CADE26E67}.Release|Any CPU.Build.0 = Release|Any CPU
	EndGlobalSection
	GlobalSection(SolutionProperties) = preSolution
		HideSolutionNode = FALSE
	EndGlobalSection
	GlobalSection(ExtensibilityGlobals) = postSolution
		SolutionGuid = {044F406C-99E4-4682-82AF-6CE19B030AFE}
	EndGlobalSection
EndGlobal
